dependencies:
- name: vsl-rpc
  repository: file://../vsl-rpc
  version: 0.1.9
- name: op-batcher
  repository: file://../op-batcher
  version: 0.1.0
- name: op-proposer
  repository: file://../op-proposer
  version: 0.1.0
digest: sha256:1b1340cb810ca7c3ad89d81b7e611e45c9cc9d232db88c9d16277264e3714e73
generated: "2024-03-12T19:27:37.95835+08:00"
