dependencies:
- name: vsl-rpc
  repository: file://../vsl-rpc
  version: 0.1.12
- name: op-batcher
  repository: file://../op-batcher
  version: 0.1.0
- name: op-proposer
  repository: file://../op-proposer
  version: 0.1.0
digest: sha256:6de0b37aa2ade189a3e9b896cf3dcb949af77b74880efd288f4a53b913e89666
generated: "2024-04-23T14:30:13.119327+08:00"
